
Microsoft Visual Studio Solution File, Format Version 12.00
# Visual Studio Version 16
VisualStudioVersion = 16.0.31205.134
MinimumVisualStudioVersion = 10.0.40219.1
Project("{2150E333-8FDC-42A3-9474-1A3956D46DE8}") = "Solution Items", "Solution Items", "{D32AD240-FD13-4351-9B62-C379D94D03EE}"
	ProjectSection(SolutionItems) = preProject
		.gitattributes = .gitattributes
		.gitignore = .gitignore
		other.txt = other.txt
		README.md = README.md
	EndProjectSection
EndProject
Project("{8BC9CEB8-8B4A-11D0-8D11-00A0C91BC942}") = "Clock", "Clock\Clock.vcxproj", "{72B7414A-8060-412F-814B-24AB5E9BD1F2}"
EndProject
Project("{8BC9CEB8-8B4A-11D0-8D11-00A0C91BC942}") = "deltatime", "deltatime\deltatime.vcxproj", "{2B9CEACD-799B-424C-9BF0-5247A6EC3153}"
EndProject
Project("{8BC9CEB8-8B4A-11D0-8D11-00A0C91BC942}") = "TestZone1", "TestZone1\TestZone1.vcxproj", "{E02DE229-F410-44BD-B53E-D2A0813A7C7E}"
EndProject
Project("{8BC9CEB8-8B4A-11D0-8D11-00A0C91BC942}") = "factorial", "factorial\factorial.vcxproj", "{CC61430F-C95D-45FD-87FC-571CAD4A5B8A}"
EndProject
Project("{8BC9CEB8-8B4A-11D0-8D11-00A0C91BC942}") = "labs", "labs\labs.vcxproj", "{348CF416-5F5D-48E3-A832-06B07B89A815}"
EndProject
Project("{8BC9CEB8-8B4A-11D0-8D11-00A0C91BC942}") = "MVC", "MVC\mvc.vcxproj", "{61AFC6F2-B57F-4339-9254-CD315D030E63}"
EndProject
Project("{8BC9CEB8-8B4A-11D0-8D11-00A0C91BC942}") = "home", "home\home.vcxproj", "{ED3AE177-69C3-458E-A870-AF497E60B4EA}"
EndProject
Project("{8BC9CEB8-8B4A-11D0-8D11-00A0C91BC942}") = "mini_pizza", "mini_pizza\mini_pizza.vcxproj", "{04AD069C-9B6F-4338-81F7-37BF40B4ED59}"
EndProject
Project("{8BC9CEB8-8B4A-11D0-8D11-00A0C91BC942}") = "flight_calc", "flight_calc\flight_calc.vcxproj", "{1C34EE61-94B6-4684-90CF-111DB8CF6A70}"
EndProject
Project("{8BC9CEB8-8B4A-11D0-8D11-00A0C91BC942}") = "income_calc", "income_calc\income_calc.vcxproj", "{22BB66A6-6901-4DD8-8656-5035FCE0D771}"
EndProject
Project("{2150E333-8FDC-42A3-9474-1A3956D46DE8}") = "other", "other", "{C6350709-3E04-4E37-A4F2-253172261AF5}"
EndProject
Project("{2150E333-8FDC-42A3-9474-1A3956D46DE8}") = "interesting", "interesting", "{009B281B-12F3-400C-BF8C-ECABCE25253B}"
EndProject
Project("{8BC9CEB8-8B4A-11D0-8D11-00A0C91BC942}") = "lab-x", "enum_loops\lab-x.vcxproj", "{5D70C47E-5910-4FCF-9150-69ACCB7EE4BB}"
EndProject
Project("{8BC9CEB8-8B4A-11D0-8D11-00A0C91BC942}") = "enum_loop_home", "enum_loop_home\enum_loop_home.vcxproj", "{F6472417-AFB2-4472-A8A0-8C396DD322BF}"
EndProject
Project("{8BC9CEB8-8B4A-11D0-8D11-00A0C91BC942}") = "lab-x0", "lab-x0\lab-x0.vcxproj", "{22C033F5-3404-4768-AC89-FE2E4E4A9DFB}"
EndProject
Project("{8BC9CEB8-8B4A-11D0-8D11-00A0C91BC942}") = "Ulitka", "Ulitka\Ulitka.vcxproj", "{13509510-2703-424E-9198-E5A7CAE90D2D}"
EndProject
Project("{8BC9CEB8-8B4A-11D0-8D11-00A0C91BC942}") = "multithreading", "multithreading\multithreading.vcxproj", "{0F76FE32-B13B-4C4A-9A33-1995558DC568}"
EndProject
Project("{8BC9CEB8-8B4A-11D0-8D11-00A0C91BC942}") = "Clock2.0", "Clock2.0\Clock2.0.vcxproj", "{49CFA262-E925-416B-8574-E9293AFE317D}"
EndProject
Project("{8BC9CEB8-8B4A-11D0-8D11-00A0C91BC942}") = "lab-x1", "lab-x1\lab-x1.vcxproj", "{2519E8A2-F9B8-4145-8E1C-A16FF24618ED}"
EndProject
Project("{8BC9CEB8-8B4A-11D0-8D11-00A0C91BC942}") = "Robot", "Robot\Robot.vcxproj", "{AB53F309-DF82-4046-83E5-D6E66437C670}"
EndProject
Project("{8BC9CEB8-8B4A-11D0-8D11-00A0C91BC942}") = "h_w7.2", "h_w7.2\h_w7.2.vcxproj", "{23871F93-3AD1-49CB-8543-125CA842D7DA}"
EndProject
Project("{8BC9CEB8-8B4A-11D0-8D11-00A0C91BC942}") = "coffee_shop", "coffee_shop\coffee_shop.vcxproj", "{C741D25D-F3EC-4B1A-AA25-24FFEFC8584B}"
EndProject
Project("{8BC9CEB8-8B4A-11D0-8D11-00A0C91BC942}") = "magic_number", "magic_number\magic_number.vcxproj", "{AD019CBE-D413-433E-BC1C-9A7B01516517}"
EndProject
Project("{8BC9CEB8-8B4A-11D0-8D11-00A0C91BC942}") = "codepage", "codepage\codepage.vcxproj", "{A18DA794-0315-4FD5-8A20-3EEC9139C6E9}"
EndProject
Project("{8BC9CEB8-8B4A-11D0-8D11-00A0C91BC942}") = "MagicNumber2.0", "MagicNumber2.0\MagicNumber2.0.vcxproj", "{F28FB7B4-5DF0-49FF-BBA8-F4D9C0ADA65B}"
EndProject
Project("{8BC9CEB8-8B4A-11D0-8D11-00A0C91BC942}") = "w8", "w8\w8.vcxproj", "{3764E6EF-5383-48AE-B4A1-EECECFB7D448}"
EndProject
Project("{8BC9CEB8-8B4A-11D0-8D11-00A0C91BC942}") = "lab-x2", "lab-x2\lab-x2.vcxproj", "{29F0E151-B832-4399-ABEC-7FCED997C80E}"
EndProject
Project("{8BC9CEB8-8B4A-11D0-8D11-00A0C91BC942}") = "ConsoleArt", "ConsoleArt\ConsoleArt.vcxproj", "{89B089CE-31A5-4C1E-8C06-86C2C1E0E015}"
EndProject
Project("{8BC9CEB8-8B4A-11D0-8D11-00A0C91BC942}") = "graphics2", "graphics2\graphics2.vcxproj", "{AEB42809-F5B8-41BC-B283-35B52BFC14A4}"
EndProject
Project("{8BC9CEB8-8B4A-11D0-8D11-00A0C91BC942}") = "HouseGraphics", "HouseGraphics\HouseGraphics.vcxproj", "{2755D86C-1362-4DBC-A1BC-4B0635385E24}"
EndProject
Project("{8BC9CEB8-8B4A-11D0-8D11-00A0C91BC942}") = "Dice", "Dice\Dice.vcxproj", "{5474D748-4360-4A0F-8EAA-E66A9938B6E6}"
EndProject
Project("{8BC9CEB8-8B4A-11D0-8D11-00A0C91BC942}") = "Dice2", "Dice2\Dice2.vcxproj", "{0FA99F8B-1456-43F9-9A7D-4F494A8FBBFC}"
EndProject
Project("{8BC9CEB8-8B4A-11D0-8D11-00A0C91BC942}") = "Dice3", "Dice3\Dice3.vcxproj", "{25451E77-505A-4A0B-8F5C-132360C09377}"
EndProject
Project("{8BC9CEB8-8B4A-11D0-8D11-00A0C91BC942}") = "Fixic", "Fixic\Fixic.vcxproj", "{893BDA1A-F825-4F27-BE63-062A837967DD}"
EndProject
Project("{8BC9CEB8-8B4A-11D0-8D11-00A0C91BC942}") = "array", "array\array.vcxproj", "{2B156E50-A2DB-477B-8991-6DE1CE701735}"
EndProject
Project("{8BC9CEB8-8B4A-11D0-8D11-00A0C91BC942}") = "Dice4", "Dice4\Dice4.vcxproj", "{FC80D364-D74E-49F5-9F5E-230050CEAE61}"
EndProject
Project("{8BC9CEB8-8B4A-11D0-8D11-00A0C91BC942}") = "weather", "weather\weather.vcxproj", "{4C9785C0-9992-4786-815C-D2EFE09CFA1E}"
EndProject
Project("{8BC9CEB8-8B4A-11D0-8D11-00A0C91BC942}") = "array2", "array2\array2.vcxproj", "{C8850E4E-1F4B-4B3E-98D6-61D47677FABB}"
EndProject
Project("{8BC9CEB8-8B4A-11D0-8D11-00A0C91BC942}") = "matrix", "matrix\matrix.vcxproj", "{039B9937-16CE-4C78-A19E-69E56EF68E17}"
EndProject
Project("{8BC9CEB8-8B4A-11D0-8D11-00A0C91BC942}") = "arrH1", "arrH1\arrH1.vcxproj", "{406C52A8-20E1-4FB2-939F-A06C22739B22}"
EndProject
Project("{8BC9CEB8-8B4A-11D0-8D11-00A0C91BC942}") = "array3", "array3\array3.vcxproj", "{54D8057C-EE48-41CB-9BA2-D1C6825FB8CA}"
EndProject
Project("{8BC9CEB8-8B4A-11D0-8D11-00A0C91BC942}") = "fnc1", "fnc1\fnc1.vcxproj", "{296CE17C-F131-4FC2-BED4-28E59003FC8E}"
EndProject
Project("{8BC9CEB8-8B4A-11D0-8D11-00A0C91BC942}") = "SimpleOrCompositeNumber", "SimpleOrCompositeNumber\SimpleOrCompositeNumber.vcxproj", "{A9204731-485D-4BEC-8632-5EDBD0E83F6A}"
EndProject
Global
	GlobalSection(SolutionConfigurationPlatforms) = preSolution
		Debug|x64 = Debug|x64
		Debug|x86 = Debug|x86
		Release|x64 = Release|x64
		Release|x86 = Release|x86
	EndGlobalSection
	GlobalSection(ProjectConfigurationPlatforms) = postSolution
		{72B7414A-8060-412F-814B-24AB5E9BD1F2}.Debug|x64.ActiveCfg = Debug|x64
		{72B7414A-8060-412F-814B-24AB5E9BD1F2}.Debug|x64.Build.0 = Debug|x64
		{72B7414A-8060-412F-814B-24AB5E9BD1F2}.Debug|x86.ActiveCfg = Debug|Win32
		{72B7414A-8060-412F-814B-24AB5E9BD1F2}.Debug|x86.Build.0 = Debug|Win32
		{72B7414A-8060-412F-814B-24AB5E9BD1F2}.Release|x64.ActiveCfg = Release|x64
		{72B7414A-8060-412F-814B-24AB5E9BD1F2}.Release|x64.Build.0 = Release|x64
		{72B7414A-8060-412F-814B-24AB5E9BD1F2}.Release|x86.ActiveCfg = Release|Win32
		{72B7414A-8060-412F-814B-24AB5E9BD1F2}.Release|x86.Build.0 = Release|Win32
		{2B9CEACD-799B-424C-9BF0-5247A6EC3153}.Debug|x64.ActiveCfg = Debug|x64
		{2B9CEACD-799B-424C-9BF0-5247A6EC3153}.Debug|x64.Build.0 = Debug|x64
		{2B9CEACD-799B-424C-9BF0-5247A6EC3153}.Debug|x86.ActiveCfg = Debug|Win32
		{2B9CEACD-799B-424C-9BF0-5247A6EC3153}.Debug|x86.Build.0 = Debug|Win32
		{2B9CEACD-799B-424C-9BF0-5247A6EC3153}.Release|x64.ActiveCfg = Release|x64
		{2B9CEACD-799B-424C-9BF0-5247A6EC3153}.Release|x64.Build.0 = Release|x64
		{2B9CEACD-799B-424C-9BF0-5247A6EC3153}.Release|x86.ActiveCfg = Release|Win32
		{2B9CEACD-799B-424C-9BF0-5247A6EC3153}.Release|x86.Build.0 = Release|Win32
		{E02DE229-F410-44BD-B53E-D2A0813A7C7E}.Debug|x64.ActiveCfg = Debug|x64
		{E02DE229-F410-44BD-B53E-D2A0813A7C7E}.Debug|x64.Build.0 = Debug|x64
		{E02DE229-F410-44BD-B53E-D2A0813A7C7E}.Debug|x86.ActiveCfg = Debug|Win32
		{E02DE229-F410-44BD-B53E-D2A0813A7C7E}.Debug|x86.Build.0 = Debug|Win32
		{E02DE229-F410-44BD-B53E-D2A0813A7C7E}.Release|x64.ActiveCfg = Release|x64
		{E02DE229-F410-44BD-B53E-D2A0813A7C7E}.Release|x64.Build.0 = Release|x64
		{E02DE229-F410-44BD-B53E-D2A0813A7C7E}.Release|x86.ActiveCfg = Release|Win32
		{E02DE229-F410-44BD-B53E-D2A0813A7C7E}.Release|x86.Build.0 = Release|Win32
		{CC61430F-C95D-45FD-87FC-571CAD4A5B8A}.Debug|x64.ActiveCfg = Debug|x64
		{CC61430F-C95D-45FD-87FC-571CAD4A5B8A}.Debug|x64.Build.0 = Debug|x64
		{CC61430F-C95D-45FD-87FC-571CAD4A5B8A}.Debug|x86.ActiveCfg = Debug|Win32
		{CC61430F-C95D-45FD-87FC-571CAD4A5B8A}.Debug|x86.Build.0 = Debug|Win32
		{CC61430F-C95D-45FD-87FC-571CAD4A5B8A}.Release|x64.ActiveCfg = Release|x64
		{CC61430F-C95D-45FD-87FC-571CAD4A5B8A}.Release|x64.Build.0 = Release|x64
		{CC61430F-C95D-45FD-87FC-571CAD4A5B8A}.Release|x86.ActiveCfg = Release|Win32
		{CC61430F-C95D-45FD-87FC-571CAD4A5B8A}.Release|x86.Build.0 = Release|Win32
		{348CF416-5F5D-48E3-A832-06B07B89A815}.Debug|x64.ActiveCfg = Debug|x64
		{348CF416-5F5D-48E3-A832-06B07B89A815}.Debug|x64.Build.0 = Debug|x64
		{348CF416-5F5D-48E3-A832-06B07B89A815}.Debug|x86.ActiveCfg = Debug|Win32
		{348CF416-5F5D-48E3-A832-06B07B89A815}.Debug|x86.Build.0 = Debug|Win32
		{348CF416-5F5D-48E3-A832-06B07B89A815}.Release|x64.ActiveCfg = Release|x64
		{348CF416-5F5D-48E3-A832-06B07B89A815}.Release|x64.Build.0 = Release|x64
		{348CF416-5F5D-48E3-A832-06B07B89A815}.Release|x86.ActiveCfg = Release|Win32
		{348CF416-5F5D-48E3-A832-06B07B89A815}.Release|x86.Build.0 = Release|Win32
		{61AFC6F2-B57F-4339-9254-CD315D030E63}.Debug|x64.ActiveCfg = Debug|x64
		{61AFC6F2-B57F-4339-9254-CD315D030E63}.Debug|x64.Build.0 = Debug|x64
		{61AFC6F2-B57F-4339-9254-CD315D030E63}.Debug|x86.ActiveCfg = Debug|Win32
		{61AFC6F2-B57F-4339-9254-CD315D030E63}.Debug|x86.Build.0 = Debug|Win32
		{61AFC6F2-B57F-4339-9254-CD315D030E63}.Release|x64.ActiveCfg = Release|x64
		{61AFC6F2-B57F-4339-9254-CD315D030E63}.Release|x64.Build.0 = Release|x64
		{61AFC6F2-B57F-4339-9254-CD315D030E63}.Release|x86.ActiveCfg = Release|Win32
		{61AFC6F2-B57F-4339-9254-CD315D030E63}.Release|x86.Build.0 = Release|Win32
		{ED3AE177-69C3-458E-A870-AF497E60B4EA}.Debug|x64.ActiveCfg = Debug|x64
		{ED3AE177-69C3-458E-A870-AF497E60B4EA}.Debug|x64.Build.0 = Debug|x64
		{ED3AE177-69C3-458E-A870-AF497E60B4EA}.Debug|x86.ActiveCfg = Debug|Win32
		{ED3AE177-69C3-458E-A870-AF497E60B4EA}.Debug|x86.Build.0 = Debug|Win32
		{ED3AE177-69C3-458E-A870-AF497E60B4EA}.Release|x64.ActiveCfg = Release|x64
		{ED3AE177-69C3-458E-A870-AF497E60B4EA}.Release|x64.Build.0 = Release|x64
		{ED3AE177-69C3-458E-A870-AF497E60B4EA}.Release|x86.ActiveCfg = Release|Win32
		{ED3AE177-69C3-458E-A870-AF497E60B4EA}.Release|x86.Build.0 = Release|Win32
		{04AD069C-9B6F-4338-81F7-37BF40B4ED59}.Debug|x64.ActiveCfg = Debug|x64
		{04AD069C-9B6F-4338-81F7-37BF40B4ED59}.Debug|x64.Build.0 = Debug|x64
		{04AD069C-9B6F-4338-81F7-37BF40B4ED59}.Debug|x86.ActiveCfg = Debug|Win32
		{04AD069C-9B6F-4338-81F7-37BF40B4ED59}.Debug|x86.Build.0 = Debug|Win32
		{04AD069C-9B6F-4338-81F7-37BF40B4ED59}.Release|x64.ActiveCfg = Release|x64
		{04AD069C-9B6F-4338-81F7-37BF40B4ED59}.Release|x64.Build.0 = Release|x64
		{04AD069C-9B6F-4338-81F7-37BF40B4ED59}.Release|x86.ActiveCfg = Release|Win32
		{04AD069C-9B6F-4338-81F7-37BF40B4ED59}.Release|x86.Build.0 = Release|Win32
		{1C34EE61-94B6-4684-90CF-111DB8CF6A70}.Debug|x64.ActiveCfg = Debug|x64
		{1C34EE61-94B6-4684-90CF-111DB8CF6A70}.Debug|x64.Build.0 = Debug|x64
		{1C34EE61-94B6-4684-90CF-111DB8CF6A70}.Debug|x86.ActiveCfg = Debug|Win32
		{1C34EE61-94B6-4684-90CF-111DB8CF6A70}.Debug|x86.Build.0 = Debug|Win32
		{1C34EE61-94B6-4684-90CF-111DB8CF6A70}.Release|x64.ActiveCfg = Release|x64
		{1C34EE61-94B6-4684-90CF-111DB8CF6A70}.Release|x64.Build.0 = Release|x64
		{1C34EE61-94B6-4684-90CF-111DB8CF6A70}.Release|x86.ActiveCfg = Release|Win32
		{1C34EE61-94B6-4684-90CF-111DB8CF6A70}.Release|x86.Build.0 = Release|Win32
		{22BB66A6-6901-4DD8-8656-5035FCE0D771}.Debug|x64.ActiveCfg = Debug|x64
		{22BB66A6-6901-4DD8-8656-5035FCE0D771}.Debug|x64.Build.0 = Debug|x64
		{22BB66A6-6901-4DD8-8656-5035FCE0D771}.Debug|x86.ActiveCfg = Debug|Win32
		{22BB66A6-6901-4DD8-8656-5035FCE0D771}.Debug|x86.Build.0 = Debug|Win32
		{22BB66A6-6901-4DD8-8656-5035FCE0D771}.Release|x64.ActiveCfg = Release|x64
		{22BB66A6-6901-4DD8-8656-5035FCE0D771}.Release|x64.Build.0 = Release|x64
		{22BB66A6-6901-4DD8-8656-5035FCE0D771}.Release|x86.ActiveCfg = Release|Win32
		{22BB66A6-6901-4DD8-8656-5035FCE0D771}.Release|x86.Build.0 = Release|Win32
		{5D70C47E-5910-4FCF-9150-69ACCB7EE4BB}.Debug|x64.ActiveCfg = Debug|x64
		{5D70C47E-5910-4FCF-9150-69ACCB7EE4BB}.Debug|x64.Build.0 = Debug|x64
		{5D70C47E-5910-4FCF-9150-69ACCB7EE4BB}.Debug|x86.ActiveCfg = Debug|Win32
		{5D70C47E-5910-4FCF-9150-69ACCB7EE4BB}.Debug|x86.Build.0 = Debug|Win32
		{5D70C47E-5910-4FCF-9150-69ACCB7EE4BB}.Release|x64.ActiveCfg = Release|x64
		{5D70C47E-5910-4FCF-9150-69ACCB7EE4BB}.Release|x64.Build.0 = Release|x64
		{5D70C47E-5910-4FCF-9150-69ACCB7EE4BB}.Release|x86.ActiveCfg = Release|Win32
		{5D70C47E-5910-4FCF-9150-69ACCB7EE4BB}.Release|x86.Build.0 = Release|Win32
		{F6472417-AFB2-4472-A8A0-8C396DD322BF}.Debug|x64.ActiveCfg = Debug|x64
		{F6472417-AFB2-4472-A8A0-8C396DD322BF}.Debug|x64.Build.0 = Debug|x64
		{F6472417-AFB2-4472-A8A0-8C396DD322BF}.Debug|x86.ActiveCfg = Debug|Win32
		{F6472417-AFB2-4472-A8A0-8C396DD322BF}.Debug|x86.Build.0 = Debug|Win32
		{F6472417-AFB2-4472-A8A0-8C396DD322BF}.Release|x64.ActiveCfg = Release|x64
		{F6472417-AFB2-4472-A8A0-8C396DD322BF}.Release|x64.Build.0 = Release|x64
		{F6472417-AFB2-4472-A8A0-8C396DD322BF}.Release|x86.ActiveCfg = Release|Win32
		{F6472417-AFB2-4472-A8A0-8C396DD322BF}.Release|x86.Build.0 = Release|Win32
		{22C033F5-3404-4768-AC89-FE2E4E4A9DFB}.Debug|x64.ActiveCfg = Debug|x64
		{22C033F5-3404-4768-AC89-FE2E4E4A9DFB}.Debug|x64.Build.0 = Debug|x64
		{22C033F5-3404-4768-AC89-FE2E4E4A9DFB}.Debug|x86.ActiveCfg = Debug|Win32
		{22C033F5-3404-4768-AC89-FE2E4E4A9DFB}.Debug|x86.Build.0 = Debug|Win32
		{22C033F5-3404-4768-AC89-FE2E4E4A9DFB}.Release|x64.ActiveCfg = Release|x64
		{22C033F5-3404-4768-AC89-FE2E4E4A9DFB}.Release|x64.Build.0 = Release|x64
		{22C033F5-3404-4768-AC89-FE2E4E4A9DFB}.Release|x86.ActiveCfg = Release|Win32
		{22C033F5-3404-4768-AC89-FE2E4E4A9DFB}.Release|x86.Build.0 = Release|Win32
		{13509510-2703-424E-9198-E5A7CAE90D2D}.Debug|x64.ActiveCfg = Debug|x64
		{13509510-2703-424E-9198-E5A7CAE90D2D}.Debug|x64.Build.0 = Debug|x64
		{13509510-2703-424E-9198-E5A7CAE90D2D}.Debug|x86.ActiveCfg = Debug|Win32
		{13509510-2703-424E-9198-E5A7CAE90D2D}.Debug|x86.Build.0 = Debug|Win32
		{13509510-2703-424E-9198-E5A7CAE90D2D}.Release|x64.ActiveCfg = Release|x64
		{13509510-2703-424E-9198-E5A7CAE90D2D}.Release|x64.Build.0 = Release|x64
		{13509510-2703-424E-9198-E5A7CAE90D2D}.Release|x86.ActiveCfg = Release|Win32
		{13509510-2703-424E-9198-E5A7CAE90D2D}.Release|x86.Build.0 = Release|Win32
		{0F76FE32-B13B-4C4A-9A33-1995558DC568}.Debug|x64.ActiveCfg = Debug|x64
		{0F76FE32-B13B-4C4A-9A33-1995558DC568}.Debug|x64.Build.0 = Debug|x64
		{0F76FE32-B13B-4C4A-9A33-1995558DC568}.Debug|x86.ActiveCfg = Debug|Win32
		{0F76FE32-B13B-4C4A-9A33-1995558DC568}.Debug|x86.Build.0 = Debug|Win32
		{0F76FE32-B13B-4C4A-9A33-1995558DC568}.Release|x64.ActiveCfg = Release|x64
		{0F76FE32-B13B-4C4A-9A33-1995558DC568}.Release|x64.Build.0 = Release|x64
		{0F76FE32-B13B-4C4A-9A33-1995558DC568}.Release|x86.ActiveCfg = Release|Win32
		{0F76FE32-B13B-4C4A-9A33-1995558DC568}.Release|x86.Build.0 = Release|Win32
		{49CFA262-E925-416B-8574-E9293AFE317D}.Debug|x64.ActiveCfg = Debug|x64
		{49CFA262-E925-416B-8574-E9293AFE317D}.Debug|x64.Build.0 = Debug|x64
		{49CFA262-E925-416B-8574-E9293AFE317D}.Debug|x86.ActiveCfg = Debug|Win32
		{49CFA262-E925-416B-8574-E9293AFE317D}.Debug|x86.Build.0 = Debug|Win32
		{49CFA262-E925-416B-8574-E9293AFE317D}.Release|x64.ActiveCfg = Release|x64
		{49CFA262-E925-416B-8574-E9293AFE317D}.Release|x64.Build.0 = Release|x64
		{49CFA262-E925-416B-8574-E9293AFE317D}.Release|x86.ActiveCfg = Release|Win32
		{49CFA262-E925-416B-8574-E9293AFE317D}.Release|x86.Build.0 = Release|Win32
		{2519E8A2-F9B8-4145-8E1C-A16FF24618ED}.Debug|x64.ActiveCfg = Debug|x64
		{2519E8A2-F9B8-4145-8E1C-A16FF24618ED}.Debug|x64.Build.0 = Debug|x64
		{2519E8A2-F9B8-4145-8E1C-A16FF24618ED}.Debug|x86.ActiveCfg = Debug|Win32
		{2519E8A2-F9B8-4145-8E1C-A16FF24618ED}.Debug|x86.Build.0 = Debug|Win32
		{2519E8A2-F9B8-4145-8E1C-A16FF24618ED}.Release|x64.ActiveCfg = Release|x64
		{2519E8A2-F9B8-4145-8E1C-A16FF24618ED}.Release|x64.Build.0 = Release|x64
		{2519E8A2-F9B8-4145-8E1C-A16FF24618ED}.Release|x86.ActiveCfg = Release|Win32
		{2519E8A2-F9B8-4145-8E1C-A16FF24618ED}.Release|x86.Build.0 = Release|Win32
		{AB53F309-DF82-4046-83E5-D6E66437C670}.Debug|x64.ActiveCfg = Debug|x64
		{AB53F309-DF82-4046-83E5-D6E66437C670}.Debug|x64.Build.0 = Debug|x64
		{AB53F309-DF82-4046-83E5-D6E66437C670}.Debug|x86.ActiveCfg = Debug|Win32
		{AB53F309-DF82-4046-83E5-D6E66437C670}.Debug|x86.Build.0 = Debug|Win32
		{AB53F309-DF82-4046-83E5-D6E66437C670}.Release|x64.ActiveCfg = Release|x64
		{AB53F309-DF82-4046-83E5-D6E66437C670}.Release|x64.Build.0 = Release|x64
		{AB53F309-DF82-4046-83E5-D6E66437C670}.Release|x86.ActiveCfg = Release|Win32
		{AB53F309-DF82-4046-83E5-D6E66437C670}.Release|x86.Build.0 = Release|Win32
		{23871F93-3AD1-49CB-8543-125CA842D7DA}.Debug|x64.ActiveCfg = Debug|x64
		{23871F93-3AD1-49CB-8543-125CA842D7DA}.Debug|x64.Build.0 = Debug|x64
		{23871F93-3AD1-49CB-8543-125CA842D7DA}.Debug|x86.ActiveCfg = Debug|Win32
		{23871F93-3AD1-49CB-8543-125CA842D7DA}.Debug|x86.Build.0 = Debug|Win32
		{23871F93-3AD1-49CB-8543-125CA842D7DA}.Release|x64.ActiveCfg = Release|x64
		{23871F93-3AD1-49CB-8543-125CA842D7DA}.Release|x64.Build.0 = Release|x64
		{23871F93-3AD1-49CB-8543-125CA842D7DA}.Release|x86.ActiveCfg = Release|Win32
		{23871F93-3AD1-49CB-8543-125CA842D7DA}.Release|x86.Build.0 = Release|Win32
		{C741D25D-F3EC-4B1A-AA25-24FFEFC8584B}.Debug|x64.ActiveCfg = Debug|x64
		{C741D25D-F3EC-4B1A-AA25-24FFEFC8584B}.Debug|x64.Build.0 = Debug|x64
		{C741D25D-F3EC-4B1A-AA25-24FFEFC8584B}.Debug|x86.ActiveCfg = Debug|Win32
		{C741D25D-F3EC-4B1A-AA25-24FFEFC8584B}.Debug|x86.Build.0 = Debug|Win32
		{C741D25D-F3EC-4B1A-AA25-24FFEFC8584B}.Release|x64.ActiveCfg = Release|x64
		{C741D25D-F3EC-4B1A-AA25-24FFEFC8584B}.Release|x64.Build.0 = Release|x64
		{C741D25D-F3EC-4B1A-AA25-24FFEFC8584B}.Release|x86.ActiveCfg = Release|Win32
		{C741D25D-F3EC-4B1A-AA25-24FFEFC8584B}.Release|x86.Build.0 = Release|Win32
		{AD019CBE-D413-433E-BC1C-9A7B01516517}.Debug|x64.ActiveCfg = Debug|x64
		{AD019CBE-D413-433E-BC1C-9A7B01516517}.Debug|x64.Build.0 = Debug|x64
		{AD019CBE-D413-433E-BC1C-9A7B01516517}.Debug|x86.ActiveCfg = Debug|Win32
		{AD019CBE-D413-433E-BC1C-9A7B01516517}.Debug|x86.Build.0 = Debug|Win32
		{AD019CBE-D413-433E-BC1C-9A7B01516517}.Release|x64.ActiveCfg = Release|x64
		{AD019CBE-D413-433E-BC1C-9A7B01516517}.Release|x64.Build.0 = Release|x64
		{AD019CBE-D413-433E-BC1C-9A7B01516517}.Release|x86.ActiveCfg = Release|Win32
		{AD019CBE-D413-433E-BC1C-9A7B01516517}.Release|x86.Build.0 = Release|Win32
		{A18DA794-0315-4FD5-8A20-3EEC9139C6E9}.Debug|x64.ActiveCfg = Debug|x64
		{A18DA794-0315-4FD5-8A20-3EEC9139C6E9}.Debug|x64.Build.0 = Debug|x64
		{A18DA794-0315-4FD5-8A20-3EEC9139C6E9}.Debug|x86.ActiveCfg = Debug|Win32
		{A18DA794-0315-4FD5-8A20-3EEC9139C6E9}.Debug|x86.Build.0 = Debug|Win32
		{A18DA794-0315-4FD5-8A20-3EEC9139C6E9}.Release|x64.ActiveCfg = Release|x64
		{A18DA794-0315-4FD5-8A20-3EEC9139C6E9}.Release|x64.Build.0 = Release|x64
		{A18DA794-0315-4FD5-8A20-3EEC9139C6E9}.Release|x86.ActiveCfg = Release|Win32
		{A18DA794-0315-4FD5-8A20-3EEC9139C6E9}.Release|x86.Build.0 = Release|Win32
		{F28FB7B4-5DF0-49FF-BBA8-F4D9C0ADA65B}.Debug|x64.ActiveCfg = Debug|x64
		{F28FB7B4-5DF0-49FF-BBA8-F4D9C0ADA65B}.Debug|x64.Build.0 = Debug|x64
		{F28FB7B4-5DF0-49FF-BBA8-F4D9C0ADA65B}.Debug|x86.ActiveCfg = Debug|Win32
		{F28FB7B4-5DF0-49FF-BBA8-F4D9C0ADA65B}.Debug|x86.Build.0 = Debug|Win32
		{F28FB7B4-5DF0-49FF-BBA8-F4D9C0ADA65B}.Release|x64.ActiveCfg = Release|x64
		{F28FB7B4-5DF0-49FF-BBA8-F4D9C0ADA65B}.Release|x64.Build.0 = Release|x64
		{F28FB7B4-5DF0-49FF-BBA8-F4D9C0ADA65B}.Release|x86.ActiveCfg = Release|Win32
		{F28FB7B4-5DF0-49FF-BBA8-F4D9C0ADA65B}.Release|x86.Build.0 = Release|Win32
		{3764E6EF-5383-48AE-B4A1-EECECFB7D448}.Debug|x64.ActiveCfg = Debug|x64
		{3764E6EF-5383-48AE-B4A1-EECECFB7D448}.Debug|x64.Build.0 = Debug|x64
		{3764E6EF-5383-48AE-B4A1-EECECFB7D448}.Debug|x86.ActiveCfg = Debug|Win32
		{3764E6EF-5383-48AE-B4A1-EECECFB7D448}.Debug|x86.Build.0 = Debug|Win32
		{3764E6EF-5383-48AE-B4A1-EECECFB7D448}.Release|x64.ActiveCfg = Release|x64
		{3764E6EF-5383-48AE-B4A1-EECECFB7D448}.Release|x64.Build.0 = Release|x64
		{3764E6EF-5383-48AE-B4A1-EECECFB7D448}.Release|x86.ActiveCfg = Release|Win32
		{3764E6EF-5383-48AE-B4A1-EECECFB7D448}.Release|x86.Build.0 = Release|Win32
		{29F0E151-B832-4399-ABEC-7FCED997C80E}.Debug|x64.ActiveCfg = Debug|x64
		{29F0E151-B832-4399-ABEC-7FCED997C80E}.Debug|x64.Build.0 = Debug|x64
		{29F0E151-B832-4399-ABEC-7FCED997C80E}.Debug|x86.ActiveCfg = Debug|Win32
		{29F0E151-B832-4399-ABEC-7FCED997C80E}.Debug|x86.Build.0 = Debug|Win32
		{29F0E151-B832-4399-ABEC-7FCED997C80E}.Release|x64.ActiveCfg = Release|x64
		{29F0E151-B832-4399-ABEC-7FCED997C80E}.Release|x64.Build.0 = Release|x64
		{29F0E151-B832-4399-ABEC-7FCED997C80E}.Release|x86.ActiveCfg = Release|Win32
		{29F0E151-B832-4399-ABEC-7FCED997C80E}.Release|x86.Build.0 = Release|Win32
		{89B089CE-31A5-4C1E-8C06-86C2C1E0E015}.Debug|x64.ActiveCfg = Debug|x64
		{89B089CE-31A5-4C1E-8C06-86C2C1E0E015}.Debug|x64.Build.0 = Debug|x64
		{89B089CE-31A5-4C1E-8C06-86C2C1E0E015}.Debug|x86.ActiveCfg = Debug|Win32
		{89B089CE-31A5-4C1E-8C06-86C2C1E0E015}.Debug|x86.Build.0 = Debug|Win32
		{89B089CE-31A5-4C1E-8C06-86C2C1E0E015}.Release|x64.ActiveCfg = Release|x64
		{89B089CE-31A5-4C1E-8C06-86C2C1E0E015}.Release|x64.Build.0 = Release|x64
		{89B089CE-31A5-4C1E-8C06-86C2C1E0E015}.Release|x86.ActiveCfg = Release|Win32
		{89B089CE-31A5-4C1E-8C06-86C2C1E0E015}.Release|x86.Build.0 = Release|Win32
		{AEB42809-F5B8-41BC-B283-35B52BFC14A4}.Debug|x64.ActiveCfg = Debug|x64
		{AEB42809-F5B8-41BC-B283-35B52BFC14A4}.Debug|x64.Build.0 = Debug|x64
		{AEB42809-F5B8-41BC-B283-35B52BFC14A4}.Debug|x86.ActiveCfg = Debug|Win32
		{AEB42809-F5B8-41BC-B283-35B52BFC14A4}.Debug|x86.Build.0 = Debug|Win32
		{AEB42809-F5B8-41BC-B283-35B52BFC14A4}.Release|x64.ActiveCfg = Release|x64
		{AEB42809-F5B8-41BC-B283-35B52BFC14A4}.Release|x64.Build.0 = Release|x64
		{AEB42809-F5B8-41BC-B283-35B52BFC14A4}.Release|x86.ActiveCfg = Release|Win32
		{AEB42809-F5B8-41BC-B283-35B52BFC14A4}.Release|x86.Build.0 = Release|Win32
		{2755D86C-1362-4DBC-A1BC-4B0635385E24}.Debug|x64.ActiveCfg = Debug|x64
		{2755D86C-1362-4DBC-A1BC-4B0635385E24}.Debug|x64.Build.0 = Debug|x64
		{2755D86C-1362-4DBC-A1BC-4B0635385E24}.Debug|x86.ActiveCfg = Debug|Win32
		{2755D86C-1362-4DBC-A1BC-4B0635385E24}.Debug|x86.Build.0 = Debug|Win32
		{2755D86C-1362-4DBC-A1BC-4B0635385E24}.Release|x64.ActiveCfg = Release|x64
		{2755D86C-1362-4DBC-A1BC-4B0635385E24}.Release|x64.Build.0 = Release|x64
		{2755D86C-1362-4DBC-A1BC-4B0635385E24}.Release|x86.ActiveCfg = Release|Win32
		{2755D86C-1362-4DBC-A1BC-4B0635385E24}.Release|x86.Build.0 = Release|Win32
		{5474D748-4360-4A0F-8EAA-E66A9938B6E6}.Debug|x64.ActiveCfg = Debug|x64
		{5474D748-4360-4A0F-8EAA-E66A9938B6E6}.Debug|x64.Build.0 = Debug|x64
		{5474D748-4360-4A0F-8EAA-E66A9938B6E6}.Debug|x86.ActiveCfg = Debug|Win32
		{5474D748-4360-4A0F-8EAA-E66A9938B6E6}.Debug|x86.Build.0 = Debug|Win32
		{5474D748-4360-4A0F-8EAA-E66A9938B6E6}.Release|x64.ActiveCfg = Release|x64
		{5474D748-4360-4A0F-8EAA-E66A9938B6E6}.Release|x64.Build.0 = Release|x64
		{5474D748-4360-4A0F-8EAA-E66A9938B6E6}.Release|x86.ActiveCfg = Release|Win32
		{5474D748-4360-4A0F-8EAA-E66A9938B6E6}.Release|x86.Build.0 = Release|Win32
		{0FA99F8B-1456-43F9-9A7D-4F494A8FBBFC}.Debug|x64.ActiveCfg = Debug|x64
		{0FA99F8B-1456-43F9-9A7D-4F494A8FBBFC}.Debug|x64.Build.0 = Debug|x64
		{0FA99F8B-1456-43F9-9A7D-4F494A8FBBFC}.Debug|x86.ActiveCfg = Debug|Win32
		{0FA99F8B-1456-43F9-9A7D-4F494A8FBBFC}.Debug|x86.Build.0 = Debug|Win32
		{0FA99F8B-1456-43F9-9A7D-4F494A8FBBFC}.Release|x64.ActiveCfg = Release|x64
		{0FA99F8B-1456-43F9-9A7D-4F494A8FBBFC}.Release|x64.Build.0 = Release|x64
		{0FA99F8B-1456-43F9-9A7D-4F494A8FBBFC}.Release|x86.ActiveCfg = Release|Win32
		{0FA99F8B-1456-43F9-9A7D-4F494A8FBBFC}.Release|x86.Build.0 = Release|Win32
		{25451E77-505A-4A0B-8F5C-132360C09377}.Debug|x64.ActiveCfg = Debug|x64
		{25451E77-505A-4A0B-8F5C-132360C09377}.Debug|x64.Build.0 = Debug|x64
		{25451E77-505A-4A0B-8F5C-132360C09377}.Debug|x86.ActiveCfg = Debug|Win32
		{25451E77-505A-4A0B-8F5C-132360C09377}.Debug|x86.Build.0 = Debug|Win32
		{25451E77-505A-4A0B-8F5C-132360C09377}.Release|x64.ActiveCfg = Release|x64
		{25451E77-505A-4A0B-8F5C-132360C09377}.Release|x64.Build.0 = Release|x64
		{25451E77-505A-4A0B-8F5C-132360C09377}.Release|x86.ActiveCfg = Release|Win32
		{25451E77-505A-4A0B-8F5C-132360C09377}.Release|x86.Build.0 = Release|Win32
		{893BDA1A-F825-4F27-BE63-062A837967DD}.Debug|x64.ActiveCfg = Debug|x64
		{893BDA1A-F825-4F27-BE63-062A837967DD}.Debug|x64.Build.0 = Debug|x64
		{893BDA1A-F825-4F27-BE63-062A837967DD}.Debug|x86.ActiveCfg = Debug|Win32
		{893BDA1A-F825-4F27-BE63-062A837967DD}.Debug|x86.Build.0 = Debug|Win32
		{893BDA1A-F825-4F27-BE63-062A837967DD}.Release|x64.ActiveCfg = Release|x64
		{893BDA1A-F825-4F27-BE63-062A837967DD}.Release|x64.Build.0 = Release|x64
		{893BDA1A-F825-4F27-BE63-062A837967DD}.Release|x86.ActiveCfg = Release|Win32
		{893BDA1A-F825-4F27-BE63-062A837967DD}.Release|x86.Build.0 = Release|Win32
		{2B156E50-A2DB-477B-8991-6DE1CE701735}.Debug|x64.ActiveCfg = Debug|x64
		{2B156E50-A2DB-477B-8991-6DE1CE701735}.Debug|x64.Build.0 = Debug|x64
		{2B156E50-A2DB-477B-8991-6DE1CE701735}.Debug|x86.ActiveCfg = Debug|Win32
		{2B156E50-A2DB-477B-8991-6DE1CE701735}.Debug|x86.Build.0 = Debug|Win32
		{2B156E50-A2DB-477B-8991-6DE1CE701735}.Release|x64.ActiveCfg = Release|x64
		{2B156E50-A2DB-477B-8991-6DE1CE701735}.Release|x64.Build.0 = Release|x64
		{2B156E50-A2DB-477B-8991-6DE1CE701735}.Release|x86.ActiveCfg = Release|Win32
		{2B156E50-A2DB-477B-8991-6DE1CE701735}.Release|x86.Build.0 = Release|Win32
		{FC80D364-D74E-49F5-9F5E-230050CEAE61}.Debug|x64.ActiveCfg = Debug|x64
		{FC80D364-D74E-49F5-9F5E-230050CEAE61}.Debug|x64.Build.0 = Debug|x64
		{FC80D364-D74E-49F5-9F5E-230050CEAE61}.Debug|x86.ActiveCfg = Debug|Win32
		{FC80D364-D74E-49F5-9F5E-230050CEAE61}.Debug|x86.Build.0 = Debug|Win32
		{FC80D364-D74E-49F5-9F5E-230050CEAE61}.Release|x64.ActiveCfg = Release|x64
		{FC80D364-D74E-49F5-9F5E-230050CEAE61}.Release|x64.Build.0 = Release|x64
		{FC80D364-D74E-49F5-9F5E-230050CEAE61}.Release|x86.ActiveCfg = Release|Win32
		{FC80D364-D74E-49F5-9F5E-230050CEAE61}.Release|x86.Build.0 = Release|Win32
		{4C9785C0-9992-4786-815C-D2EFE09CFA1E}.Debug|x64.ActiveCfg = Debug|x64
		{4C9785C0-9992-4786-815C-D2EFE09CFA1E}.Debug|x64.Build.0 = Debug|x64
		{4C9785C0-9992-4786-815C-D2EFE09CFA1E}.Debug|x86.ActiveCfg = Debug|Win32
		{4C9785C0-9992-4786-815C-D2EFE09CFA1E}.Debug|x86.Build.0 = Debug|Win32
		{4C9785C0-9992-4786-815C-D2EFE09CFA1E}.Release|x64.ActiveCfg = Release|x64
		{4C9785C0-9992-4786-815C-D2EFE09CFA1E}.Release|x64.Build.0 = Release|x64
		{4C9785C0-9992-4786-815C-D2EFE09CFA1E}.Release|x86.ActiveCfg = Release|Win32
		{4C9785C0-9992-4786-815C-D2EFE09CFA1E}.Release|x86.Build.0 = Release|Win32
		{C8850E4E-1F4B-4B3E-98D6-61D47677FABB}.Debug|x64.ActiveCfg = Debug|x64
		{C8850E4E-1F4B-4B3E-98D6-61D47677FABB}.Debug|x64.Build.0 = Debug|x64
		{C8850E4E-1F4B-4B3E-98D6-61D47677FABB}.Debug|x86.ActiveCfg = Debug|Win32
		{C8850E4E-1F4B-4B3E-98D6-61D47677FABB}.Debug|x86.Build.0 = Debug|Win32
		{C8850E4E-1F4B-4B3E-98D6-61D47677FABB}.Release|x64.ActiveCfg = Release|x64
		{C8850E4E-1F4B-4B3E-98D6-61D47677FABB}.Release|x64.Build.0 = Release|x64
		{C8850E4E-1F4B-4B3E-98D6-61D47677FABB}.Release|x86.ActiveCfg = Release|Win32
		{C8850E4E-1F4B-4B3E-98D6-61D47677FABB}.Release|x86.Build.0 = Release|Win32
		{039B9937-16CE-4C78-A19E-69E56EF68E17}.Debug|x64.ActiveCfg = Debug|x64
		{039B9937-16CE-4C78-A19E-69E56EF68E17}.Debug|x64.Build.0 = Debug|x64
		{039B9937-16CE-4C78-A19E-69E56EF68E17}.Debug|x86.ActiveCfg = Debug|Win32
		{039B9937-16CE-4C78-A19E-69E56EF68E17}.Debug|x86.Build.0 = Debug|Win32
		{039B9937-16CE-4C78-A19E-69E56EF68E17}.Release|x64.ActiveCfg = Release|x64
		{039B9937-16CE-4C78-A19E-69E56EF68E17}.Release|x64.Build.0 = Release|x64
		{039B9937-16CE-4C78-A19E-69E56EF68E17}.Release|x86.ActiveCfg = Release|Win32
		{039B9937-16CE-4C78-A19E-69E56EF68E17}.Release|x86.Build.0 = Release|Win32
		{406C52A8-20E1-4FB2-939F-A06C22739B22}.Debug|x64.ActiveCfg = Debug|x64
		{406C52A8-20E1-4FB2-939F-A06C22739B22}.Debug|x64.Build.0 = Debug|x64
		{406C52A8-20E1-4FB2-939F-A06C22739B22}.Debug|x86.ActiveCfg = Debug|Win32
		{406C52A8-20E1-4FB2-939F-A06C22739B22}.Debug|x86.Build.0 = Debug|Win32
		{406C52A8-20E1-4FB2-939F-A06C22739B22}.Release|x64.ActiveCfg = Release|x64
		{406C52A8-20E1-4FB2-939F-A06C22739B22}.Release|x64.Build.0 = Release|x64
		{406C52A8-20E1-4FB2-939F-A06C22739B22}.Release|x86.ActiveCfg = Release|Win32
		{406C52A8-20E1-4FB2-939F-A06C22739B22}.Release|x86.Build.0 = Release|Win32
		{54D8057C-EE48-41CB-9BA2-D1C6825FB8CA}.Debug|x64.ActiveCfg = Debug|x64
		{54D8057C-EE48-41CB-9BA2-D1C6825FB8CA}.Debug|x64.Build.0 = Debug|x64
		{54D8057C-EE48-41CB-9BA2-D1C6825FB8CA}.Debug|x86.ActiveCfg = Debug|Win32
		{54D8057C-EE48-41CB-9BA2-D1C6825FB8CA}.Debug|x86.Build.0 = Debug|Win32
		{54D8057C-EE48-41CB-9BA2-D1C6825FB8CA}.Release|x64.ActiveCfg = Release|x64
		{54D8057C-EE48-41CB-9BA2-D1C6825FB8CA}.Release|x64.Build.0 = Release|x64
		{54D8057C-EE48-41CB-9BA2-D1C6825FB8CA}.Release|x86.ActiveCfg = Release|Win32
		{54D8057C-EE48-41CB-9BA2-D1C6825FB8CA}.Release|x86.Build.0 = Release|Win32
		{296CE17C-F131-4FC2-BED4-28E59003FC8E}.Debug|x64.ActiveCfg = Debug|x64
		{296CE17C-F131-4FC2-BED4-28E59003FC8E}.Debug|x64.Build.0 = Debug|x64
		{296CE17C-F131-4FC2-BED4-28E59003FC8E}.Debug|x86.ActiveCfg = Debug|Win32
		{296CE17C-F131-4FC2-BED4-28E59003FC8E}.Debug|x86.Build.0 = Debug|Win32
		{296CE17C-F131-4FC2-BED4-28E59003FC8E}.Release|x64.ActiveCfg = Release|x64
		{296CE17C-F131-4FC2-BED4-28E59003FC8E}.Release|x64.Build.0 = Release|x64
		{296CE17C-F131-4FC2-BED4-28E59003FC8E}.Release|x86.ActiveCfg = Release|Win32
		{296CE17C-F131-4FC2-BED4-28E59003FC8E}.Release|x86.Build.0 = Release|Win32
		{A9204731-485D-4BEC-8632-5EDBD0E83F6A}.Debug|x64.ActiveCfg = Debug|x64
		{A9204731-485D-4BEC-8632-5EDBD0E83F6A}.Debug|x64.Build.0 = Debug|x64
		{A9204731-485D-4BEC-8632-5EDBD0E83F6A}.Debug|x86.ActiveCfg = Debug|Win32
		{A9204731-485D-4BEC-8632-5EDBD0E83F6A}.Debug|x86.Build.0 = Debug|Win32
		{A9204731-485D-4BEC-8632-5EDBD0E83F6A}.Release|x64.ActiveCfg = Release|x64
		{A9204731-485D-4BEC-8632-5EDBD0E83F6A}.Release|x64.Build.0 = Release|x64
		{A9204731-485D-4BEC-8632-5EDBD0E83F6A}.Release|x86.ActiveCfg = Release|Win32
		{A9204731-485D-4BEC-8632-5EDBD0E83F6A}.Release|x86.Build.0 = Release|Win32
	EndGlobalSection
	GlobalSection(SolutionProperties) = preSolution
		HideSolutionNode = FALSE
	EndGlobalSection
	GlobalSection(NestedProjects) = preSolution
		{72B7414A-8060-412F-814B-24AB5E9BD1F2} = {C6350709-3E04-4E37-A4F2-253172261AF5}
		{2B9CEACD-799B-424C-9BF0-5247A6EC3153} = {C6350709-3E04-4E37-A4F2-253172261AF5}
		{E02DE229-F410-44BD-B53E-D2A0813A7C7E} = {C6350709-3E04-4E37-A4F2-253172261AF5}
		{CC61430F-C95D-45FD-87FC-571CAD4A5B8A} = {C6350709-3E04-4E37-A4F2-253172261AF5}
		{61AFC6F2-B57F-4339-9254-CD315D030E63} = {C6350709-3E04-4E37-A4F2-253172261AF5}
		{04AD069C-9B6F-4338-81F7-37BF40B4ED59} = {009B281B-12F3-400C-BF8C-ECABCE25253B}
		{1C34EE61-94B6-4684-90CF-111DB8CF6A70} = {009B281B-12F3-400C-BF8C-ECABCE25253B}
		{22BB66A6-6901-4DD8-8656-5035FCE0D771} = {009B281B-12F3-400C-BF8C-ECABCE25253B}
		{C6350709-3E04-4E37-A4F2-253172261AF5} = {009B281B-12F3-400C-BF8C-ECABCE25253B}
		{0F76FE32-B13B-4C4A-9A33-1995558DC568} = {C6350709-3E04-4E37-A4F2-253172261AF5}
		{49CFA262-E925-416B-8574-E9293AFE317D} = {C6350709-3E04-4E37-A4F2-253172261AF5}
		{C741D25D-F3EC-4B1A-AA25-24FFEFC8584B} = {009B281B-12F3-400C-BF8C-ECABCE25253B}
	EndGlobalSection
	GlobalSection(ExtensibilityGlobals) = postSolution
		SolutionGuid = {A1652098-55C4-468C-BE57-58491437E0DF}
	EndGlobalSection
EndGlobal
