
Microsoft Visual Studio Solution File, Format Version 12.00
# Visual Studio Version 16
VisualStudioVersion = 16.0.31205.134
MinimumVisualStudioVersion = 10.0.40219.1
Project("{2150E333-8FDC-42A3-9474-1A3956D46DE8}") = "Solution Items", "Solution Items", "{D32AD240-FD13-4351-9B62-C379D94D03EE}"
	ProjectSection(SolutionItems) = preProject
		.gitattributes = .gitattributes
		.gitignore = .gitignore
		other.txt = other.txt
		README.md = README.md
	EndProjectSection
EndProject
Project("{8BC9CEB8-8B4A-11D0-8D11-00A0C91BC942}") = "Clock", "Clock\Clock.vcxproj", "{72B7414A-8060-412F-814B-24AB5E9BD1F2}"
EndProject
Project("{8BC9CEB8-8B4A-11D0-8D11-00A0C91BC942}") = "deltatime", "deltatime\deltatime.vcxproj", "{2B9CEACD-799B-424C-9BF0-5247A6EC3153}"
EndProject
Project("{8BC9CEB8-8B4A-11D0-8D11-00A0C91BC942}") = "TestZone1", "TestZone1\TestZone1.vcxproj", "{E02DE229-F410-44BD-B53E-D2A0813A7C7E}"
EndProject
Project("{8BC9CEB8-8B4A-11D0-8D11-00A0C91BC942}") = "factorial", "factorial\factorial.vcxproj", "{CC61430F-C95D-45FD-87FC-571CAD4A5B8A}"
EndProject
Project("{8BC9CEB8-8B4A-11D0-8D11-00A0C91BC942}") = "labs", "labs\labs.vcxproj", "{348CF416-5F5D-48E3-A832-06B07B89A815}"
EndProject
Project("{8BC9CEB8-8B4A-11D0-8D11-00A0C91BC942}") = "MVC", "MVC\mvc.vcxproj", "{61AFC6F2-B57F-4339-9254-CD315D030E63}"
EndProject
Project("{8BC9CEB8-8B4A-11D0-8D11-00A0C91BC942}") = "home", "home\home.vcxproj", "{ED3AE177-69C3-458E-A870-AF497E60B4EA}"
EndProject
Project("{8BC9CEB8-8B4A-11D0-8D11-00A0C91BC942}") = "mini_pizza", "mini_pizza\mini_pizza.vcxproj", "{04AD069C-9B6F-4338-81F7-37BF40B4ED59}"
EndProject
Project("{8BC9CEB8-8B4A-11D0-8D11-00A0C91BC942}") = "flight_calc", "flight_calc\flight_calc.vcxproj", "{1C34EE61-94B6-4684-90CF-111DB8CF6A70}"
EndProject
Project("{8BC9CEB8-8B4A-11D0-8D11-00A0C91BC942}") = "income_calc", "income_calc\income_calc.vcxproj", "{22BB66A6-6901-4DD8-8656-5035FCE0D771}"
EndProject
Global
	GlobalSection(SolutionConfigurationPlatforms) = preSolution
		Debug|x64 = Debug|x64
		Debug|x86 = Debug|x86
		Release|x64 = Release|x64
		Release|x86 = Release|x86
	EndGlobalSection
	GlobalSection(ProjectConfigurationPlatforms) = postSolution
		{72B7414A-8060-412F-814B-24AB5E9BD1F2}.Debug|x64.ActiveCfg = Debug|x64
		{72B7414A-8060-412F-814B-24AB5E9BD1F2}.Debug|x64.Build.0 = Debug|x64
		{72B7414A-8060-412F-814B-24AB5E9BD1F2}.Debug|x86.ActiveCfg = Debug|Win32
		{72B7414A-8060-412F-814B-24AB5E9BD1F2}.Debug|x86.Build.0 = Debug|Win32
		{72B7414A-8060-412F-814B-24AB5E9BD1F2}.Release|x64.ActiveCfg = Release|x64
		{72B7414A-8060-412F-814B-24AB5E9BD1F2}.Release|x64.Build.0 = Release|x64
		{72B7414A-8060-412F-814B-24AB5E9BD1F2}.Release|x86.ActiveCfg = Release|Win32
		{72B7414A-8060-412F-814B-24AB5E9BD1F2}.Release|x86.Build.0 = Release|Win32
		{2B9CEACD-799B-424C-9BF0-5247A6EC3153}.Debug|x64.ActiveCfg = Debug|x64
		{2B9CEACD-799B-424C-9BF0-5247A6EC3153}.Debug|x64.Build.0 = Debug|x64
		{2B9CEACD-799B-424C-9BF0-5247A6EC3153}.Debug|x86.ActiveCfg = Debug|Win32
		{2B9CEACD-799B-424C-9BF0-5247A6EC3153}.Debug|x86.Build.0 = Debug|Win32
		{2B9CEACD-799B-424C-9BF0-5247A6EC3153}.Release|x64.ActiveCfg = Release|x64
		{2B9CEACD-799B-424C-9BF0-5247A6EC3153}.Release|x64.Build.0 = Release|x64
		{2B9CEACD-799B-424C-9BF0-5247A6EC3153}.Release|x86.ActiveCfg = Release|Win32
		{2B9CEACD-799B-424C-9BF0-5247A6EC3153}.Release|x86.Build.0 = Release|Win32
		{E02DE229-F410-44BD-B53E-D2A0813A7C7E}.Debug|x64.ActiveCfg = Debug|x64
		{E02DE229-F410-44BD-B53E-D2A0813A7C7E}.Debug|x64.Build.0 = Debug|x64
		{E02DE229-F410-44BD-B53E-D2A0813A7C7E}.Debug|x86.ActiveCfg = Debug|Win32
		{E02DE229-F410-44BD-B53E-D2A0813A7C7E}.Debug|x86.Build.0 = Debug|Win32
		{E02DE229-F410-44BD-B53E-D2A0813A7C7E}.Release|x64.ActiveCfg = Release|x64
		{E02DE229-F410-44BD-B53E-D2A0813A7C7E}.Release|x64.Build.0 = Release|x64
		{E02DE229-F410-44BD-B53E-D2A0813A7C7E}.Release|x86.ActiveCfg = Release|Win32
		{E02DE229-F410-44BD-B53E-D2A0813A7C7E}.Release|x86.Build.0 = Release|Win32
		{CC61430F-C95D-45FD-87FC-571CAD4A5B8A}.Debug|x64.ActiveCfg = Debug|x64
		{CC61430F-C95D-45FD-87FC-571CAD4A5B8A}.Debug|x64.Build.0 = Debug|x64
		{CC61430F-C95D-45FD-87FC-571CAD4A5B8A}.Debug|x86.ActiveCfg = Debug|Win32
		{CC61430F-C95D-45FD-87FC-571CAD4A5B8A}.Debug|x86.Build.0 = Debug|Win32
		{CC61430F-C95D-45FD-87FC-571CAD4A5B8A}.Release|x64.ActiveCfg = Release|x64
		{CC61430F-C95D-45FD-87FC-571CAD4A5B8A}.Release|x64.Build.0 = Release|x64
		{CC61430F-C95D-45FD-87FC-571CAD4A5B8A}.Release|x86.ActiveCfg = Release|Win32
		{CC61430F-C95D-45FD-87FC-571CAD4A5B8A}.Release|x86.Build.0 = Release|Win32
		{348CF416-5F5D-48E3-A832-06B07B89A815}.Debug|x64.ActiveCfg = Debug|x64
		{348CF416-5F5D-48E3-A832-06B07B89A815}.Debug|x64.Build.0 = Debug|x64
		{348CF416-5F5D-48E3-A832-06B07B89A815}.Debug|x86.ActiveCfg = Debug|Win32
		{348CF416-5F5D-48E3-A832-06B07B89A815}.Debug|x86.Build.0 = Debug|Win32
		{348CF416-5F5D-48E3-A832-06B07B89A815}.Release|x64.ActiveCfg = Release|x64
		{348CF416-5F5D-48E3-A832-06B07B89A815}.Release|x64.Build.0 = Release|x64
		{348CF416-5F5D-48E3-A832-06B07B89A815}.Release|x86.ActiveCfg = Release|Win32
		{348CF416-5F5D-48E3-A832-06B07B89A815}.Release|x86.Build.0 = Release|Win32
		{61AFC6F2-B57F-4339-9254-CD315D030E63}.Debug|x64.ActiveCfg = Debug|x64
		{61AFC6F2-B57F-4339-9254-CD315D030E63}.Debug|x64.Build.0 = Debug|x64
		{61AFC6F2-B57F-4339-9254-CD315D030E63}.Debug|x86.ActiveCfg = Debug|Win32
		{61AFC6F2-B57F-4339-9254-CD315D030E63}.Debug|x86.Build.0 = Debug|Win32
		{61AFC6F2-B57F-4339-9254-CD315D030E63}.Release|x64.ActiveCfg = Release|x64
		{61AFC6F2-B57F-4339-9254-CD315D030E63}.Release|x64.Build.0 = Release|x64
		{61AFC6F2-B57F-4339-9254-CD315D030E63}.Release|x86.ActiveCfg = Release|Win32
		{61AFC6F2-B57F-4339-9254-CD315D030E63}.Release|x86.Build.0 = Release|Win32
		{ED3AE177-69C3-458E-A870-AF497E60B4EA}.Debug|x64.ActiveCfg = Debug|x64
		{ED3AE177-69C3-458E-A870-AF497E60B4EA}.Debug|x64.Build.0 = Debug|x64
		{ED3AE177-69C3-458E-A870-AF497E60B4EA}.Debug|x86.ActiveCfg = Debug|Win32
		{ED3AE177-69C3-458E-A870-AF497E60B4EA}.Debug|x86.Build.0 = Debug|Win32
		{ED3AE177-69C3-458E-A870-AF497E60B4EA}.Release|x64.ActiveCfg = Release|x64
		{ED3AE177-69C3-458E-A870-AF497E60B4EA}.Release|x64.Build.0 = Release|x64
		{ED3AE177-69C3-458E-A870-AF497E60B4EA}.Release|x86.ActiveCfg = Release|Win32
		{ED3AE177-69C3-458E-A870-AF497E60B4EA}.Release|x86.Build.0 = Release|Win32
		{04AD069C-9B6F-4338-81F7-37BF40B4ED59}.Debug|x64.ActiveCfg = Debug|x64
		{04AD069C-9B6F-4338-81F7-37BF40B4ED59}.Debug|x64.Build.0 = Debug|x64
		{04AD069C-9B6F-4338-81F7-37BF40B4ED59}.Debug|x86.ActiveCfg = Debug|Win32
		{04AD069C-9B6F-4338-81F7-37BF40B4ED59}.Debug|x86.Build.0 = Debug|Win32
		{04AD069C-9B6F-4338-81F7-37BF40B4ED59}.Release|x64.ActiveCfg = Release|x64
		{04AD069C-9B6F-4338-81F7-37BF40B4ED59}.Release|x64.Build.0 = Release|x64
		{04AD069C-9B6F-4338-81F7-37BF40B4ED59}.Release|x86.ActiveCfg = Release|Win32
		{04AD069C-9B6F-4338-81F7-37BF40B4ED59}.Release|x86.Build.0 = Release|Win32
		{1C34EE61-94B6-4684-90CF-111DB8CF6A70}.Debug|x64.ActiveCfg = Debug|x64
		{1C34EE61-94B6-4684-90CF-111DB8CF6A70}.Debug|x64.Build.0 = Debug|x64
		{1C34EE61-94B6-4684-90CF-111DB8CF6A70}.Debug|x86.ActiveCfg = Debug|Win32
		{1C34EE61-94B6-4684-90CF-111DB8CF6A70}.Debug|x86.Build.0 = Debug|Win32
		{1C34EE61-94B6-4684-90CF-111DB8CF6A70}.Release|x64.ActiveCfg = Release|x64
		{1C34EE61-94B6-4684-90CF-111DB8CF6A70}.Release|x64.Build.0 = Release|x64
		{1C34EE61-94B6-4684-90CF-111DB8CF6A70}.Release|x86.ActiveCfg = Release|Win32
		{1C34EE61-94B6-4684-90CF-111DB8CF6A70}.Release|x86.Build.0 = Release|Win32
		{22BB66A6-6901-4DD8-8656-5035FCE0D771}.Debug|x64.ActiveCfg = Debug|x64
		{22BB66A6-6901-4DD8-8656-5035FCE0D771}.Debug|x64.Build.0 = Debug|x64
		{22BB66A6-6901-4DD8-8656-5035FCE0D771}.Debug|x86.ActiveCfg = Debug|Win32
		{22BB66A6-6901-4DD8-8656-5035FCE0D771}.Debug|x86.Build.0 = Debug|Win32
		{22BB66A6-6901-4DD8-8656-5035FCE0D771}.Release|x64.ActiveCfg = Release|x64
		{22BB66A6-6901-4DD8-8656-5035FCE0D771}.Release|x64.Build.0 = Release|x64
		{22BB66A6-6901-4DD8-8656-5035FCE0D771}.Release|x86.ActiveCfg = Release|Win32
		{22BB66A6-6901-4DD8-8656-5035FCE0D771}.Release|x86.Build.0 = Release|Win32
	EndGlobalSection
	GlobalSection(SolutionProperties) = preSolution
		HideSolutionNode = FALSE
	EndGlobalSection
	GlobalSection(ExtensibilityGlobals) = postSolution
		SolutionGuid = {A1652098-55C4-468C-BE57-58491437E0DF}
	EndGlobalSection
EndGlobal
